// !$*UTF8*$!
{
	archiveVersion = 1;
	classes = {
	};
	objectVersion = 56;
	objects = {

/* Begin PBXBuildFile section */
		1CB8C34A2AC3F5670058A190 /* Areas.swift in Sources */ = {isa = PBXBuildFile; fileRef = 1CB8C3492AC3F5670058A190 /* Areas.swift */; };
		1CB8C34E2AC3F7660058A190 /* Area.swift in Sources */ = {isa = PBXBuildFile; fileRef = 1CB8C34D2AC3F7660058A190 /* Area.swift */; };
		1CB8C3502AC45D9F0058A190 /* Crew.swift in Sources */ = {isa = PBXBuildFile; fileRef = 1CB8C34F2AC45D9F0058A190 /* Crew.swift */; };
		1CB8C3522AC45F260058A190 /* ViewModel.swift in Sources */ = {isa = PBXBuildFile; fileRef = 1CB8C3512AC45F260058A190 /* ViewModel.swift */; };
		1CB8C3562AC460430058A190 /* NavigationToAreas.swift in Sources */ = {isa = PBXBuildFile; fileRef = 1CB8C3552AC460430058A190 /* NavigationToAreas.swift */; };
		1CDF22432AC3E56E00723F10 /* RealityKitContent in Frameworks */ = {isa = PBXBuildFile; productRef = 1CDF22422AC3E56E00723F10 /* RealityKitContent */; };
		1CDF22452AC3E56E00723F10 /* Inspiration4App.swift in Sources */ = {isa = PBXBuildFile; fileRef = 1CDF22442AC3E56E00723F10 /* Inspiration4App.swift */; };
		1CDF224B2AC3E56E00723F10 /* ImageBasedLighting.skybox in Resources */ = {isa = PBXBuildFile; fileRef = 1CDF224A2AC3E56E00723F10 /* ImageBasedLighting.skybox */; };
		1CDF224D2AC3E56F00723F10 /* Assets.xcassets in Resources */ = {isa = PBXBuildFile; fileRef = 1CDF224C2AC3E56F00723F10 /* Assets.xcassets */; };
		1CDF22502AC3E56F00723F10 /* Preview Assets.xcassets in Resources */ = {isa = PBXBuildFile; fileRef = 1CDF224F2AC3E56F00723F10 /* Preview Assets.xcassets */; };
		1CDF225B2AC3E57000723F10 /* Inspiration4AppTests.swift in Sources */ = {isa = PBXBuildFile; fileRef = 1CDF225A2AC3E57000723F10 /* Inspiration4AppTests.swift */; };
/* End PBXBuildFile section */

/* Begin PBXContainerItemProxy section */
		1CDF22572AC3E57000723F10 /* PBXContainerItemProxy */ = {
			isa = PBXContainerItemProxy;
			containerPortal = 1CDF22352AC3E56E00723F10 /* Project object */;
			proxyType = 1;
			remoteGlobalIDString = 1CDF223C2AC3E56E00723F10;
			remoteInfo = Inspiration4App;
		};
/* End PBXContainerItemProxy section */

/* Begin PBXFileReference section */
		1CB8C3492AC3F5670058A190 /* Areas.swift */ = {isa = PBXFileReference; lastKnownFileType = sourcecode.swift; path = Areas.swift; sourceTree = "<group>"; };
		1CB8C34D2AC3F7660058A190 /* Area.swift */ = {isa = PBXFileReference; lastKnownFileType = sourcecode.swift; path = Area.swift; sourceTree = "<group>"; };
		1CB8C34F2AC45D9F0058A190 /* Crew.swift */ = {isa = PBXFileReference; lastKnownFileType = sourcecode.swift; path = Crew.swift; sourceTree = "<group>"; };
		1CB8C3512AC45F260058A190 /* ViewModel.swift */ = {isa = PBXFileReference; lastKnownFileType = sourcecode.swift; path = ViewModel.swift; sourceTree = "<group>"; };
		1CB8C3552AC460430058A190 /* NavigationToAreas.swift */ = {isa = PBXFileReference; lastKnownFileType = sourcecode.swift; path = NavigationToAreas.swift; sourceTree = "<group>"; };
		1CDF223D2AC3E56E00723F10 /* Inspiration4App.app */ = {isa = PBXFileReference; explicitFileType = wrapper.application; includeInIndex = 0; path = Inspiration4App.app; sourceTree = BUILT_PRODUCTS_DIR; };
		1CDF22412AC3E56E00723F10 /* RealityKitContent */ = {isa = PBXFileReference; lastKnownFileType = wrapper; path = RealityKitContent; sourceTree = "<group>"; };
		1CDF22442AC3E56E00723F10 /* Inspiration4App.swift */ = {isa = PBXFileReference; lastKnownFileType = sourcecode.swift; path = Inspiration4App.swift; sourceTree = "<group>"; };
		1CDF224A2AC3E56E00723F10 /* ImageBasedLighting.skybox */ = {isa = PBXFileReference; lastKnownFileType = file.skybox; path = ImageBasedLighting.skybox; sourceTree = "<group>"; };
		1CDF224C2AC3E56F00723F10 /* Assets.xcassets */ = {isa = PBXFileReference; lastKnownFileType = folder.assetcatalog; path = Assets.xcassets; sourceTree = "<group>"; };
		1CDF224F2AC3E56F00723F10 /* Preview Assets.xcassets */ = {isa = PBXFileReference; lastKnownFileType = folder.assetcatalog; path = "Preview Assets.xcassets"; sourceTree = "<group>"; };
		1CDF22512AC3E56F00723F10 /* Info.plist */ = {isa = PBXFileReference; lastKnownFileType = text.plist.xml; path = Info.plist; sourceTree = "<group>"; };
		1CDF22562AC3E57000723F10 /* Inspiration4AppTests.xctest */ = {isa = PBXFileReference; explicitFileType = wrapper.cfbundle; includeInIndex = 0; path = Inspiration4AppTests.xctest; sourceTree = BUILT_PRODUCTS_DIR; };
		1CDF225A2AC3E57000723F10 /* Inspiration4AppTests.swift */ = {isa = PBXFileReference; lastKnownFileType = sourcecode.swift; path = Inspiration4AppTests.swift; sourceTree = "<group>"; };
/* End PBXFileReference section */

/* Begin PBXFrameworksBuildPhase section */
		1CDF223A2AC3E56E00723F10 /* Frameworks */ = {
			isa = PBXFrameworksBuildPhase;
			buildActionMask = 2147483647;
			files = (
				1CDF22432AC3E56E00723F10 /* RealityKitContent in Frameworks */,
			);
			runOnlyForDeploymentPostprocessing = 0;
		};
		1CDF22532AC3E57000723F10 /* Frameworks */ = {
			isa = PBXFrameworksBuildPhase;
			buildActionMask = 2147483647;
			files = (
			);
			runOnlyForDeploymentPostprocessing = 0;
		};
/* End PBXFrameworksBuildPhase section */

/* Begin PBXGroup section */
		1CB8C34B2AC3F5940058A190 /* Areas */ = {
			isa = PBXGroup;
			children = (
				1CB8C3492AC3F5670058A190 /* Areas.swift */,
				1CB8C3552AC460430058A190 /* NavigationToAreas.swift */,
			);
			path = Areas;
			sourceTree = "<group>";
		};
		1CB8C34C2AC3F7590058A190 /* Models */ = {
			isa = PBXGroup;
			children = (
				1CB8C34D2AC3F7660058A190 /* Area.swift */,
				1CB8C34F2AC45D9F0058A190 /* Crew.swift */,
				1CB8C3512AC45F260058A190 /* ViewModel.swift */,
			);
			path = Models;
			sourceTree = "<group>";
		};
		1CDF22342AC3E56E00723F10 = {
			isa = PBXGroup;
			children = (
				1CDF223F2AC3E56E00723F10 /* Inspiration4App */,
				1CDF22402AC3E56E00723F10 /* Packages */,
				1CDF22592AC3E57000723F10 /* Inspiration4AppTests */,
				1CDF223E2AC3E56E00723F10 /* Products */,
			);
			sourceTree = "<group>";
		};
		1CDF223E2AC3E56E00723F10 /* Products */ = {
			isa = PBXGroup;
			children = (
				1CDF223D2AC3E56E00723F10 /* Inspiration4App.app */,
				1CDF22562AC3E57000723F10 /* Inspiration4AppTests.xctest */,
			);
			name = Products;
			sourceTree = "<group>";
		};
		1CDF223F2AC3E56E00723F10 /* Inspiration4App */ = {
			isa = PBXGroup;
			children = (
				1CB8C34C2AC3F7590058A190 /* Models */,
				1CB8C34B2AC3F5940058A190 /* Areas */,
				1CDF22442AC3E56E00723F10 /* Inspiration4App.swift */,
				1CDF224A2AC3E56E00723F10 /* ImageBasedLighting.skybox */,
				1CDF224C2AC3E56F00723F10 /* Assets.xcassets */,
				1CDF22512AC3E56F00723F10 /* Info.plist */,
				1CDF224E2AC3E56F00723F10 /* Preview Content */,
			);
			path = Inspiration4App;
			sourceTree = "<group>";
		};
		1CDF22402AC3E56E00723F10 /* Packages */ = {
			isa = PBXGroup;
			children = (
				1CDF22412AC3E56E00723F10 /* RealityKitContent */,
			);
			path = Packages;
			sourceTree = "<group>";
		};
		1CDF224E2AC3E56F00723F10 /* Preview Content */ = {
			isa = PBXGroup;
			children = (
				1CDF224F2AC3E56F00723F10 /* Preview Assets.xcassets */,
			);
			path = "Preview Content";
			sourceTree = "<group>";
		};
		1CDF22592AC3E57000723F10 /* Inspiration4AppTests */ = {
			isa = PBXGroup;
			children = (
				1CDF225A2AC3E57000723F10 /* Inspiration4AppTests.swift */,
			);
			path = Inspiration4AppTests;
			sourceTree = "<group>";
		};
/* End PBXGroup section */

/* Begin PBXNativeTarget section */
		1CDF223C2AC3E56E00723F10 /* Inspiration4App */ = {
			isa = PBXNativeTarget;
			buildConfigurationList = 1CDF225E2AC3E57000723F10 /* Build configuration list for PBXNativeTarget "Inspiration4App" */;
			buildPhases = (
				1CDF22392AC3E56E00723F10 /* Sources */,
				1CDF223A2AC3E56E00723F10 /* Frameworks */,
				1CDF223B2AC3E56E00723F10 /* Resources */,
			);
			buildRules = (
			);
			dependencies = (
			);
			name = Inspiration4App;
			packageProductDependencies = (
				1CDF22422AC3E56E00723F10 /* RealityKitContent */,
			);
			productName = Inspiration4App;
			productReference = 1CDF223D2AC3E56E00723F10 /* Inspiration4App.app */;
			productType = "com.apple.product-type.application";
		};
		1CDF22552AC3E57000723F10 /* Inspiration4AppTests */ = {
			isa = PBXNativeTarget;
			buildConfigurationList = 1CDF22612AC3E57000723F10 /* Build configuration list for PBXNativeTarget "Inspiration4AppTests" */;
			buildPhases = (
				1CDF22522AC3E57000723F10 /* Sources */,
				1CDF22532AC3E57000723F10 /* Frameworks */,
				1CDF22542AC3E57000723F10 /* Resources */,
			);
			buildRules = (
			);
			dependencies = (
				1CDF22582AC3E57000723F10 /* PBXTargetDependency */,
			);
			name = Inspiration4AppTests;
			productName = Inspiration4AppTests;
			productReference = 1CDF22562AC3E57000723F10 /* Inspiration4AppTests.xctest */;
			productType = "com.apple.product-type.bundle.unit-test";
		};
/* End PBXNativeTarget section */

/* Begin PBXProject section */
		1CDF22352AC3E56E00723F10 /* Project object */ = {
			isa = PBXProject;
			attributes = {
				BuildIndependentTargetsInParallel = 1;
				LastSwiftUpdateCheck = 1500;
				LastUpgradeCheck = 1500;
				TargetAttributes = {
					1CDF223C2AC3E56E00723F10 = {
						CreatedOnToolsVersion = 15.0;
					};
					1CDF22552AC3E57000723F10 = {
						CreatedOnToolsVersion = 15.0;
						TestTargetID = 1CDF223C2AC3E56E00723F10;
					};
				};
			};
			buildConfigurationList = 1CDF22382AC3E56E00723F10 /* Build configuration list for PBXProject "Inspiration4App" */;
			compatibilityVersion = "Xcode 14.0";
			developmentRegion = en;
			hasScannedForEncodings = 0;
			knownRegions = (
				en,
				Base,
			);
			mainGroup = 1CDF22342AC3E56E00723F10;
			productRefGroup = 1CDF223E2AC3E56E00723F10 /* Products */;
			projectDirPath = "";
			projectRoot = "";
			targets = (
				1CDF223C2AC3E56E00723F10 /* Inspiration4App */,
				1CDF22552AC3E57000723F10 /* Inspiration4AppTests */,
			);
		};
/* End PBXProject section */

/* Begin PBXResourcesBuildPhase section */
		1CDF223B2AC3E56E00723F10 /* Resources */ = {
			isa = PBXResourcesBuildPhase;
			buildActionMask = 2147483647;
			files = (
				1CDF224D2AC3E56F00723F10 /* Assets.xcassets in Resources */,
				1CDF22502AC3E56F00723F10 /* Preview Assets.xcassets in Resources */,
				1CDF224B2AC3E56E00723F10 /* ImageBasedLighting.skybox in Resources */,
			);
			runOnlyForDeploymentPostprocessing = 0;
		};
		1CDF22542AC3E57000723F10 /* Resources */ = {
			isa = PBXResourcesBuildPhase;
			buildActionMask = 2147483647;
			files = (
			);
			runOnlyForDeploymentPostprocessing = 0;
		};
/* End PBXResourcesBuildPhase section */

/* Begin PBXSourcesBuildPhase section */
		1CDF22392AC3E56E00723F10 /* Sources */ = {
			isa = PBXSourcesBuildPhase;
			buildActionMask = 2147483647;
			files = (
				1CB8C3522AC45F260058A190 /* ViewModel.swift in Sources */,
				1CB8C34A2AC3F5670058A190 /* Areas.swift in Sources */,
				1CB8C34E2AC3F7660058A190 /* Area.swift in Sources */,
				1CB8C3562AC460430058A190 /* NavigationToAreas.swift in Sources */,
				1CB8C3502AC45D9F0058A190 /* Crew.swift in Sources */,
				1CDF22452AC3E56E00723F10 /* Inspiration4App.swift in Sources */,
			);
			runOnlyForDeploymentPostprocessing = 0;
		};
		1CDF22522AC3E57000723F10 /* Sources */ = {
			isa = PBXSourcesBuildPhase;
			buildActionMask = 2147483647;
			files = (
				1CDF225B2AC3E57000723F10 /* Inspiration4AppTests.swift in Sources */,
			);
			runOnlyForDeploymentPostprocessing = 0;
		};
/* End PBXSourcesBuildPhase section */

/* Begin PBXTargetDependency section */
		1CDF22582AC3E57000723F10 /* PBXTargetDependency */ = {
			isa = PBXTargetDependency;
			target = 1CDF223C2AC3E56E00723F10 /* Inspiration4App */;
			targetProxy = 1CDF22572AC3E57000723F10 /* PBXContainerItemProxy */;
		};
/* End PBXTargetDependency section */

/* Begin XCBuildConfiguration section */
		1CDF225C2AC3E57000723F10 /* Debug */ = {
			isa = XCBuildConfiguration;
			buildSettings = {
				ALWAYS_SEARCH_USER_PATHS = NO;
				ASSETCATALOG_COMPILER_GENERATE_SWIFT_ASSET_SYMBOL_EXTENSIONS = YES;
				CLANG_ANALYZER_NONNULL = YES;
				CLANG_ANALYZER_NUMBER_OBJECT_CONVERSION = YES_AGGRESSIVE;
				CLANG_CXX_LANGUAGE_STANDARD = "gnu++20";
				CLANG_ENABLE_MODULES = YES;
				CLANG_ENABLE_OBJC_ARC = YES;
				CLANG_ENABLE_OBJC_WEAK = YES;
				CLANG_WARN_BLOCK_CAPTURE_AUTORELEASING = YES;
				CLANG_WARN_BOOL_CONVERSION = YES;
				CLANG_WARN_COMMA = YES;
				CLANG_WARN_CONSTANT_CONVERSION = YES;
				CLANG_WARN_DEPRECATED_OBJC_IMPLEMENTATIONS = YES;
				CLANG_WARN_DIRECT_OBJC_ISA_USAGE = YES_ERROR;
				CLANG_WARN_DOCUMENTATION_COMMENTS = YES;
				CLANG_WARN_EMPTY_BODY = YES;
				CLANG_WARN_ENUM_CONVERSION = YES;
				CLANG_WARN_INFINITE_RECURSION = YES;
				CLANG_WARN_INT_CONVERSION = YES;
				CLANG_WARN_NON_LITERAL_NULL_CONVERSION = YES;
				CLANG_WARN_OBJC_IMPLICIT_RETAIN_SELF = YES;
				CLANG_WARN_OBJC_LITERAL_CONVERSION = YES;
				CLANG_WARN_OBJC_ROOT_CLASS = YES_ERROR;
				CLANG_WARN_QUOTED_INCLUDE_IN_FRAMEWORK_HEADER = YES;
				CLANG_WARN_RANGE_LOOP_ANALYSIS = YES;
				CLANG_WARN_STRICT_PROTOTYPES = YES;
				CLANG_WARN_SUSPICIOUS_MOVE = YES;
				CLANG_WARN_UNGUARDED_AVAILABILITY = YES_AGGRESSIVE;
				CLANG_WARN_UNREACHABLE_CODE = YES;
				CLANG_WARN__DUPLICATE_METHOD_MATCH = YES;
				COPY_PHASE_STRIP = NO;
				DEBUG_INFORMATION_FORMAT = dwarf;
				ENABLE_STRICT_OBJC_MSGSEND = YES;
				ENABLE_TESTABILITY = YES;
				ENABLE_USER_SCRIPT_SANDBOXING = YES;
				GCC_C_LANGUAGE_STANDARD = gnu17;
				GCC_DYNAMIC_NO_PIC = NO;
				GCC_NO_COMMON_BLOCKS = YES;
				GCC_OPTIMIZATION_LEVEL = 0;
				GCC_PREPROCESSOR_DEFINITIONS = (
					"DEBUG=1",
					"$(inherited)",
				);
				GCC_WARN_64_TO_32_BIT_CONVERSION = YES;
				GCC_WARN_ABOUT_RETURN_TYPE = YES_ERROR;
				GCC_WARN_UNDECLARED_SELECTOR = YES;
				GCC_WARN_UNINITIALIZED_AUTOS = YES_AGGRESSIVE;
				GCC_WARN_UNUSED_FUNCTION = YES;
				GCC_WARN_UNUSED_VARIABLE = YES;
				LOCALIZATION_PREFERS_STRING_CATALOGS = YES;
				MTL_ENABLE_DEBUG_INFO = INCLUDE_SOURCE;
				MTL_FAST_MATH = YES;
				ONLY_ACTIVE_ARCH = YES;
				SDKROOT = xros;
				SWIFT_ACTIVE_COMPILATION_CONDITIONS = "DEBUG $(inherited)";
				SWIFT_OPTIMIZATION_LEVEL = "-Onone";
				XROS_DEPLOYMENT_TARGET = 1.0;
			};
			name = Debug;
		};
		1CDF225D2AC3E57000723F10 /* Release */ = {
			isa = XCBuildConfiguration;
			buildSettings = {
				ALWAYS_SEARCH_USER_PATHS = NO;
				ASSETCATALOG_COMPILER_GENERATE_SWIFT_ASSET_SYMBOL_EXTENSIONS = YES;
				CLANG_ANALYZER_NONNULL = YES;
				CLANG_ANALYZER_NUMBER_OBJECT_CONVERSION = YES_AGGRESSIVE;
				CLANG_CXX_LANGUAGE_STANDARD = "gnu++20";
				CLANG_ENABLE_MODULES = YES;
				CLANG_ENABLE_OBJC_ARC = YES;
				CLANG_ENABLE_OBJC_WEAK = YES;
				CLANG_WARN_BLOCK_CAPTURE_AUTORELEASING = YES;
				CLANG_WARN_BOOL_CONVERSION = YES;
				CLANG_WARN_COMMA = YES;
				CLANG_WARN_CONSTANT_CONVERSION = YES;
				CLANG_WARN_DEPRECATED_OBJC_IMPLEMENTATIONS = YES;
				CLANG_WARN_DIRECT_OBJC_ISA_USAGE = YES_ERROR;
				CLANG_WARN_DOCUMENTATION_COMMENTS = YES;
				CLANG_WARN_EMPTY_BODY = YES;
				CLANG_WARN_ENUM_CONVERSION = YES;
				CLANG_WARN_INFINITE_RECURSION = YES;
				CLANG_WARN_INT_CONVERSION = YES;
				CLANG_WARN_NON_LITERAL_NULL_CONVERSION = YES;
				CLANG_WARN_OBJC_IMPLICIT_RETAIN_SELF = YES;
				CLANG_WARN_OBJC_LITERAL_CONVERSION = YES;
				CLANG_WARN_OBJC_ROOT_CLASS = YES_ERROR;
				CLANG_WARN_QUOTED_INCLUDE_IN_FRAMEWORK_HEADER = YES;
				CLANG_WARN_RANGE_LOOP_ANALYSIS = YES;
				CLANG_WARN_STRICT_PROTOTYPES = YES;
				CLANG_WARN_SUSPICIOUS_MOVE = YES;
				CLANG_WARN_UNGUARDED_AVAILABILITY = YES_AGGRESSIVE;
				CLANG_WARN_UNREACHABLE_CODE = YES;
				CLANG_WARN__DUPLICATE_METHOD_MATCH = YES;
				COPY_PHASE_STRIP = NO;
				DEBUG_INFORMATION_FORMAT = "dwarf-with-dsym";
				ENABLE_NS_ASSERTIONS = NO;
				ENABLE_STRICT_OBJC_MSGSEND = YES;
				ENABLE_USER_SCRIPT_SANDBOXING = YES;
				GCC_C_LANGUAGE_STANDARD = gnu17;
				GCC_NO_COMMON_BLOCKS = YES;
				GCC_WARN_64_TO_32_BIT_CONVERSION = YES;
				GCC_WARN_ABOUT_RETURN_TYPE = YES_ERROR;
				GCC_WARN_UNDECLARED_SELECTOR = YES;
				GCC_WARN_UNINITIALIZED_AUTOS = YES_AGGRESSIVE;
				GCC_WARN_UNUSED_FUNCTION = YES;
				GCC_WARN_UNUSED_VARIABLE = YES;
				LOCALIZATION_PREFERS_STRING_CATALOGS = YES;
				MTL_ENABLE_DEBUG_INFO = NO;
				MTL_FAST_MATH = YES;
				SDKROOT = xros;
				SWIFT_COMPILATION_MODE = wholemodule;
				VALIDATE_PRODUCT = YES;
				XROS_DEPLOYMENT_TARGET = 1.0;
			};
			name = Release;
		};
		1CDF225F2AC3E57000723F10 /* Debug */ = {
			isa = XCBuildConfiguration;
			buildSettings = {
				ASSETCATALOG_COMPILER_APPICON_NAME = AppIcon;
				ASSETCATALOG_COMPILER_GLOBAL_ACCENT_COLOR_NAME = AccentColor;
				CODE_SIGN_STYLE = Automatic;
				CURRENT_PROJECT_VERSION = 1;
				DEVELOPMENT_ASSET_PATHS = "\"Inspiration4App/Preview Content\"";
				DEVELOPMENT_TEAM = P4G624Q9ZA;
				ENABLE_PREVIEWS = YES;
				GENERATE_INFOPLIST_FILE = YES;
				INFOPLIST_FILE = "$(TARGET_NAME)/Info.plist";
				LD_RUNPATH_SEARCH_PATHS = (
					"$(inherited)",
					"@executable_path/Frameworks",
				);
				MARKETING_VERSION = 1.0;
				PRODUCT_BUNDLE_IDENTIFIER = ruanitow.Inspiration4App;
				PRODUCT_NAME = "$(TARGET_NAME)";
				SUPPORTED_PLATFORMS = "xros xrsimulator";
				SWIFT_EMIT_LOC_STRINGS = YES;
				SWIFT_VERSION = 5.0;
				TARGETED_DEVICE_FAMILY = "1,2,7";
			};
			name = Debug;
		};
		1CDF22602AC3E57000723F10 /* Release */ = {
			isa = XCBuildConfiguration;
			buildSettings = {
				ASSETCATALOG_COMPILER_APPICON_NAME = AppIcon;
				ASSETCATALOG_COMPILER_GLOBAL_ACCENT_COLOR_NAME = AccentColor;
				CODE_SIGN_STYLE = Automatic;
				CURRENT_PROJECT_VERSION = 1;
				DEVELOPMENT_ASSET_PATHS = "\"Inspiration4App/Preview Content\"";
				DEVELOPMENT_TEAM = P4G624Q9ZA;
				ENABLE_PREVIEWS = YES;
				GENERATE_INFOPLIST_FILE = YES;
				INFOPLIST_FILE = "$(TARGET_NAME)/Info.plist";
				LD_RUNPATH_SEARCH_PATHS = (
					"$(inherited)",
					"@executable_path/Frameworks",
				);
				MARKETING_VERSION = 1.0;
				PRODUCT_BUNDLE_IDENTIFIER = ruanitow.Inspiration4App;
				PRODUCT_NAME = "$(TARGET_NAME)";
				SUPPORTED_PLATFORMS = "xros xrsimulator";
				SWIFT_EMIT_LOC_STRINGS = YES;
				SWIFT_VERSION = 5.0;
				TARGETED_DEVICE_FAMILY = "1,2,7";
			};
			name = Release;
		};
		1CDF22622AC3E57000723F10 /* Debug */ = {
			isa = XCBuildConfiguration;
			buildSettings = {
				ALWAYS_EMBED_SWIFT_STANDARD_LIBRARIES = YES;
				BUNDLE_LOADER = "$(TEST_HOST)";
				CODE_SIGN_STYLE = Automatic;
				CURRENT_PROJECT_VERSION = 1;
				DEVELOPMENT_TEAM = P4G624Q9ZA;
				GENERATE_INFOPLIST_FILE = YES;
				MARKETING_VERSION = 1.0;
				PRODUCT_BUNDLE_IDENTIFIER = ruanitow.Inspiration4AppTests;
				PRODUCT_NAME = "$(TARGET_NAME)";
				SUPPORTED_PLATFORMS = "xros xrsimulator";
				SWIFT_EMIT_LOC_STRINGS = NO;
				SWIFT_VERSION = 5.0;
				TARGETED_DEVICE_FAMILY = "1,2,7";
				TEST_HOST = "$(BUILT_PRODUCTS_DIR)/Inspiration4App.app/$(BUNDLE_EXECUTABLE_FOLDER_PATH)/Inspiration4App";
				XROS_DEPLOYMENT_TARGET = 1.0;
			};
			name = Debug;
		};
		1CDF22632AC3E57000723F10 /* Release */ = {
			isa = XCBuildConfiguration;
			buildSettings = {
				ALWAYS_EMBED_SWIFT_STANDARD_LIBRARIES = YES;
				BUNDLE_LOADER = "$(TEST_HOST)";
				CODE_SIGN_STYLE = Automatic;
				CURRENT_PROJECT_VERSION = 1;
				DEVELOPMENT_TEAM = P4G624Q9ZA;
				GENERATE_INFOPLIST_FILE = YES;
				MARKETING_VERSION = 1.0;
				PRODUCT_BUNDLE_IDENTIFIER = ruanitow.Inspiration4AppTests;
				PRODUCT_NAME = "$(TARGET_NAME)";
				SUPPORTED_PLATFORMS = "xros xrsimulator";
				SWIFT_EMIT_LOC_STRINGS = NO;
				SWIFT_VERSION = 5.0;
				TARGETED_DEVICE_FAMILY = "1,2,7";
				TEST_HOST = "$(BUILT_PRODUCTS_DIR)/Inspiration4App.app/$(BUNDLE_EXECUTABLE_FOLDER_PATH)/Inspiration4App";
				XROS_DEPLOYMENT_TARGET = 1.0;
			};
			name = Release;
		};
/* End XCBuildConfiguration section */

/* Begin XCConfigurationList section */
		1CDF22382AC3E56E00723F10 /* Build configuration list for PBXProject "Inspiration4App" */ = {
			isa = XCConfigurationList;
			buildConfigurations = (
				1CDF225C2AC3E57000723F10 /* Debug */,
				1CDF225D2AC3E57000723F10 /* Release */,
			);
			defaultConfigurationIsVisible = 0;
			defaultConfigurationName = Release;
		};
		1CDF225E2AC3E57000723F10 /* Build configuration list for PBXNativeTarget "Inspiration4App" */ = {
			isa = XCConfigurationList;
			buildConfigurations = (
				1CDF225F2AC3E57000723F10 /* Debug */,
				1CDF22602AC3E57000723F10 /* Release */,
			);
			defaultConfigurationIsVisible = 0;
			defaultConfigurationName = Release;
		};
		1CDF22612AC3E57000723F10 /* Build configuration list for PBXNativeTarget "Inspiration4AppTests" */ = {
			isa = XCConfigurationList;
			buildConfigurations = (
				1CDF22622AC3E57000723F10 /* Debug */,
				1CDF22632AC3E57000723F10 /* Release */,
			);
			defaultConfigurationIsVisible = 0;
			defaultConfigurationName = Release;
		};
/* End XCConfigurationList section */

/* Begin XCSwiftPackageProductDependency section */
		1CDF22422AC3E56E00723F10 /* RealityKitContent */ = {
			isa = XCSwiftPackageProductDependency;
			productName = RealityKitContent;
		};
/* End XCSwiftPackageProductDependency section */
	};
	rootObject = 1CDF22352AC3E56E00723F10 /* Project object */;
}
